{
  "name": "JUNUB REAL ESTATE",
  "lockfileVersion": 3,
  "requires": true,
  "packages": {
    "": {
      "dependencies": {
        "@alan-ai/alan-sdk-web": "^1.8.92"
      }
    },
    "node_modules/@alan-ai/alan-sdk-web": {
      "version": "1.8.92",
      "resolved": "https://registry.npmjs.org/@alan-ai/alan-sdk-web/-/alan-sdk-web-1.8.92.tgz",
      "integrity": "sha512-bGyAlmTy7WQoPMKDgDJYrtkduQUH6SWcp5NhtLW5kIc6hs8rRDA/yrv4nrd1vhPdOm0RjNNBrRs5yAPOUFjGdA==",
      "license": "MIT"
    }
  }
}
